
Microsoft Visual Studio Solution File, Format Version 12.00
Project("{FAE04EC0-301F-11D3-BF4B-00C04F79EFBC}") = "SoftEngine.Core", "SoftEngine.Core\SoftEngine.Core.csproj", "{19718030-5BDD-409F-98FD-DB403F803E2B}"
EndProject
Project("{FAE04EC0-301F-11D3-BF4B-00C04F79EFBC}") = "SoftEngine.Display", "SoftEngine.Display\SoftEngine.Display.csproj", "{92E43A5C-30FE-4E38-8A88-618301ABF449}"
EndProject
Project("{FAE04EC0-301F-11D3-BF4B-00C04F79EFBC}") = "SoftEngine.Rendering", "SoftEngine.Rendering\SoftEngine.Rendering.csproj", "{9DDB531B-6D99-4573-B096-6E3103F19739}"
EndProject
Project("{FAE04EC0-301F-11D3-BF4B-00C04F79EFBC}") = "SoftEngine.Vulkan", "SoftEngine.Vulkan\SoftEngine.Vulkan.csproj", "{CA475DB2-925C-4004-B5C9-E973D65DD0EF}"
EndProject
Project("{FAE04EC0-301F-11D3-BF4B-00C04F79EFBC}") = "SoftEngine.Interfaces", "SoftEngine.Interfaces\SoftEngine.Interfaces.csproj", "{68FA9380-0449-4CD6-AF6B-CDE42FA62FA9}"
EndProject
Project("{FAE04EC0-301F-11D3-BF4B-00C04F79EFBC}") = "SoftEngine.Models", "SoftEngine.Models\SoftEngine.Models.csproj", "{9897896C-5D47-44CD-9B5B-4B73E3476B1D}"
EndProject
Global
	GlobalSection(SolutionConfigurationPlatforms) = preSolution
		Debug|Any CPU = Debug|Any CPU
		Release|Any CPU = Release|Any CPU
	EndGlobalSection
	GlobalSection(ProjectConfigurationPlatforms) = postSolution
		{19718030-5BDD-409F-98FD-DB403F803E2B}.Debug|Any CPU.ActiveCfg = Debug|Any CPU
		{19718030-5BDD-409F-98FD-DB403F803E2B}.Debug|Any CPU.Build.0 = Debug|Any CPU
		{19718030-5BDD-409F-98FD-DB403F803E2B}.Release|Any CPU.ActiveCfg = Release|Any CPU
		{19718030-5BDD-409F-98FD-DB403F803E2B}.Release|Any CPU.Build.0 = Release|Any CPU
		{92E43A5C-30FE-4E38-8A88-618301ABF449}.Debug|Any CPU.ActiveCfg = Debug|Any CPU
		{92E43A5C-30FE-4E38-8A88-618301ABF449}.Debug|Any CPU.Build.0 = Debug|Any CPU
		{92E43A5C-30FE-4E38-8A88-618301ABF449}.Release|Any CPU.ActiveCfg = Release|Any CPU
		{92E43A5C-30FE-4E38-8A88-618301ABF449}.Release|Any CPU.Build.0 = Release|Any CPU
		{9DDB531B-6D99-4573-B096-6E3103F19739}.Debug|Any CPU.ActiveCfg = Debug|Any CPU
		{9DDB531B-6D99-4573-B096-6E3103F19739}.Debug|Any CPU.Build.0 = Debug|Any CPU
		{9DDB531B-6D99-4573-B096-6E3103F19739}.Release|Any CPU.ActiveCfg = Release|Any CPU
		{9DDB531B-6D99-4573-B096-6E3103F19739}.Release|Any CPU.Build.0 = Release|Any CPU
		{CA475DB2-925C-4004-B5C9-E973D65DD0EF}.Debug|Any CPU.ActiveCfg = Debug|Any CPU
		{CA475DB2-925C-4004-B5C9-E973D65DD0EF}.Debug|Any CPU.Build.0 = Debug|Any CPU
		{CA475DB2-925C-4004-B5C9-E973D65DD0EF}.Release|Any CPU.ActiveCfg = Release|Any CPU
		{CA475DB2-925C-4004-B5C9-E973D65DD0EF}.Release|Any CPU.Build.0 = Release|Any CPU
		{68FA9380-0449-4CD6-AF6B-CDE42FA62FA9}.Debug|Any CPU.ActiveCfg = Debug|Any CPU
		{68FA9380-0449-4CD6-AF6B-CDE42FA62FA9}.Debug|Any CPU.Build.0 = Debug|Any CPU
		{68FA9380-0449-4CD6-AF6B-CDE42FA62FA9}.Release|Any CPU.ActiveCfg = Release|Any CPU
		{68FA9380-0449-4CD6-AF6B-CDE42FA62FA9}.Release|Any CPU.Build.0 = Release|Any CPU
		{9897896C-5D47-44CD-9B5B-4B73E3476B1D}.Debug|Any CPU.ActiveCfg = Debug|Any CPU
		{9897896C-5D47-44CD-9B5B-4B73E3476B1D}.Debug|Any CPU.Build.0 = Debug|Any CPU
		{9897896C-5D47-44CD-9B5B-4B73E3476B1D}.Release|Any CPU.ActiveCfg = Release|Any CPU
		{9897896C-5D47-44CD-9B5B-4B73E3476B1D}.Release|Any CPU.Build.0 = Release|Any CPU
	EndGlobalSection
EndGlobal
